{
  "requires": true,
  "lockfileVersion": 1,
  "dependencies": {
    "@angular/common": {
      "version": "5.2.11",
      "resolved": "https://registry.npmjs.org/@angular/common/-/common-5.2.11.tgz",
      "integrity": "sha512-LniJjGAeftUJDJh+2+LEjltcGen08C/VMxQ/eUYmesytKy1sN+MWzh3GbpKfEWtWmyUsYTG9lAAJNo3L3jPwsw==",
      "requires": {
        "tslib": "^1.7.1"
      }
    },
    "@angular/compiler": {
      "version": "5.2.11",
      "resolved": "https://registry.npmjs.org/@angular/compiler/-/compiler-5.2.11.tgz",
      "integrity": "sha512-ICvB1ud1mxaXUYLb8vhJqiLhGBVocAZGxoHTglv6hMkbrRYcnlB3FZJFOzBvtj+krkd1jamoYLI43UAmesqQ6Q==",
      "requires": {
        "tslib": "^1.7.1"
      }
    },
    "@angular/core": {
      "version": "5.2.11",
      "resolved": "https://registry.npmjs.org/@angular/core/-/core-5.2.11.tgz",
      "integrity": "sha512-h2vpvXNAdOqKzbVaZcHnHGMT5A8uDnizk6FgGq6SPyw9s3d+/VxZ9LJaPjUk3g2lICA7og1tUel+2YfF971MlQ==",
      "requires": {
        "tslib": "^1.7.1"
      }
    },
    "@angular/http": {
      "version": "5.2.11",
      "resolved": "https://registry.npmjs.org/@angular/http/-/http-5.2.11.tgz",
      "integrity": "sha512-eR7wNXh1+6MpcQNb3sq4bJVX03dx50Wl3kpPG+Q7N1VSL0oPQSobaTrR17ac3oFCEfSJn6kkUCqtUXha6wcNHg==",
      "requires": {
        "tslib": "^1.7.1"
      }
    },
    "@angular/platform-browser": {
      "version": "5.2.11",
      "resolved": "https://registry.npmjs.org/@angular/platform-browser/-/platform-browser-5.2.11.tgz",
      "integrity": "sha512-6YZ4IpBFqXx88vEzBZG2WWnaSYXbFWDgG0iT+bZPHAfwsbmqbcMcs7Ogu+XZ4VmK02dTqbrFh7U4P2W+sqrzow==",
      "requires": {
        "tslib": "^1.7.1"
      }
    },
    "core-js": {
      "version": "2.6.12",
      "resolved": "https://registry.npmjs.org/core-js/-/core-js-2.6.12.tgz",
      "integrity": "sha512-Kb2wC0fvsWfQrgk8HU5lW6U/Lcs8+9aaYcy4ZFc6DDlo4nZ7n70dEgE5rtR0oG6ufKDUnrwfWL1mXR5ljDatrQ=="
    },
    "read-appsettings-json": {
      "version": "1.0.98",
      "resolved": "https://registry.npmjs.org/read-appsettings-json/-/read-appsettings-json-1.0.98.tgz",
      "integrity": "sha512-fkSp/athRSKawE3n/aBMcoDdi9PK3KkvCPv5iPcFlszstycjAnt1IKEVaYK8trCmJLXsWR3wvGSLOMiRsNku/g==",
      "requires": {
        "@angular/common": "^5.2.4",
        "@angular/compiler": "^5.2.4",
        "@angular/core": "^5.2.4",
        "@angular/http": "^5.2.4",
        "@angular/platform-browser": "^5.2.4",
        "core-js": "^2.5.3",
        "reflect-metadata": "^0.1.12",
        "rxjs": "^5.5.6",
        "zone.js": "^0.8.20"
      }
    },
    "reflect-metadata": {
      "version": "0.1.13",
      "resolved": "https://registry.npmjs.org/reflect-metadata/-/reflect-metadata-0.1.13.tgz",
      "integrity": "sha512-Ts1Y/anZELhSsjMcU605fU9RE4Oi3p5ORujwbIKXfWa+0Zxs510Qrmrce5/Jowq3cHSZSJqBjypxmHarc+vEWg=="
    },
    "rxjs": {
      "version": "5.5.12",
      "resolved": "https://registry.npmjs.org/rxjs/-/rxjs-5.5.12.tgz",
      "integrity": "sha512-xx2itnL5sBbqeeiVgNPVuQQ1nC8Jp2WfNJhXWHmElW9YmrpS9UVnNzhP3EH3HFqexO5Tlp8GhYY+WEcqcVMvGw==",
      "requires": {
        "symbol-observable": "1.0.1"
      }
    },
    "symbol-observable": {
      "version": "1.0.1",
      "resolved": "https://registry.npmjs.org/symbol-observable/-/symbol-observable-1.0.1.tgz",
      "integrity": "sha1-g0D8RwLDEi310iKI+IKD9RPT/dQ="
    },
    "tslib": {
      "version": "1.14.1",
      "resolved": "https://registry.npmjs.org/tslib/-/tslib-1.14.1.tgz",
      "integrity": "sha512-Xni35NKzjgMrwevysHTCArtLDpPvye8zV/0E4EyYn43P7/7qvQwPh9BGkHewbMulVntbigmcT7rdX3BNo9wRJg=="
    },
    "zone.js": {
      "version": "0.8.29",
      "resolved": "https://registry.npmjs.org/zone.js/-/zone.js-0.8.29.tgz",
      "integrity": "sha512-mla2acNCMkWXBD+c+yeUrBUrzOxYMNFdQ6FGfigGGtEVBPJx07BQeJekjt9DmH1FtZek4E9rE1eRR9qQpxACOQ=="
    }
  }
}
